// !$*UTF8*$!
{
	archiveVersion = 1;
	classes = {
	};
	objectVersion = 46;
	objects = {

/* Begin PBXBuildFile section */
		A00456FC1A0720C100230FA6 /* .gitignore in Resources */ = {isa = PBXBuildFile; fileRef = A00456D31A0720C100230FA6 /* .gitignore */; };
		A00457081A0720C100230FA6 /* TDDemoViewController.m in Sources */ = {isa = PBXBuildFile; fileRef = A00456E61A0720C100230FA6 /* TDDemoViewController.m */; };
		A00457101A0720C100230FA6 /* TDImageColors.m in Sources */ = {isa = PBXBuildFile; fileRef = A00456F61A0720C100230FA6 /* TDImageColors.m */; };
		A00457111A0720C100230FA6 /* UIColor+TDAdditions.m in Sources */ = {isa = PBXBuildFile; fileRef = A00456F81A0720C100230FA6 /* UIColor+TDAdditions.m */; };
		A00457121A0720C100230FA6 /* UIImage+TDAdditions.m in Sources */ = {isa = PBXBuildFile; fileRef = A00456FA1A0720C100230FA6 /* UIImage+TDAdditions.m */; };
		A309991A19F74D650081E01D /* main.m in Sources */ = {isa = PBXBuildFile; fileRef = A309991919F74D650081E01D /* main.m */; };
		A309991D19F74D650081E01D /* AppDelegate.m in Sources */ = {isa = PBXBuildFile; fileRef = A309991C19F74D650081E01D /* AppDelegate.m */; };
		A309992319F74D650081E01D /* Main.storyboard in Resources */ = {isa = PBXBuildFile; fileRef = A309992119F74D650081E01D /* Main.storyboard */; };
		A309992519F74D650081E01D /* Images.xcassets in Resources */ = {isa = PBXBuildFile; fileRef = A309992419F74D650081E01D /* Images.xcassets */; };
		A309992819F74D650081E01D /* LaunchScreen.xib in Resources */ = {isa = PBXBuildFile; fileRef = A309992619F74D650081E01D /* LaunchScreen.xib */; };
		A309993419F74D650081E01D /* WakerTests.m in Sources */ = {isa = PBXBuildFile; fileRef = A309993319F74D650081E01D /* WakerTests.m */; };
		A31B595D19FCDEE800FEAE31 /* AlarmObject.m in Sources */ = {isa = PBXBuildFile; fileRef = A31B595C19FCDEE800FEAE31 /* AlarmObject.m */; };
		A34CF4C819F8586A00A64AFB /* CoreGraphics.framework in Frameworks */ = {isa = PBXBuildFile; fileRef = A34CF4C719F8586A00A64AFB /* CoreGraphics.framework */; };
		A34CF4CB19F85C5C00A64AFB /* AVFoundation.framework in Frameworks */ = {isa = PBXBuildFile; fileRef = A34CF4C919F85C1D00A64AFB /* AVFoundation.framework */; };
		A3794FBE1A29019B00B5C05A /* redsnap.png in Resources */ = {isa = PBXBuildFile; fileRef = A3794FBD1A29019B00B5C05A /* redsnap.png */; };
		A3794FCA1A2904DF00B5C05A /* roseredsnap.png in Resources */ = {isa = PBXBuildFile; fileRef = A3794FBF1A2904DF00B5C05A /* roseredsnap.png */; };
		A3794FCB1A2904DF00B5C05A /* magentasnap.png in Resources */ = {isa = PBXBuildFile; fileRef = A3794FC01A2904DF00B5C05A /* magentasnap.png */; };
		A3794FCC1A2904DF00B5C05A /* violetsnap.png in Resources */ = {isa = PBXBuildFile; fileRef = A3794FC11A2904DF00B5C05A /* violetsnap.png */; };
		A3794FCD1A2904DF00B5C05A /* skybluesnap.png in Resources */ = {isa = PBXBuildFile; fileRef = A3794FC21A2904DF00B5C05A /* skybluesnap.png */; };
		A3794FCE1A2904DF00B5C05A /* bluesnap.png in Resources */ = {isa = PBXBuildFile; fileRef = A3794FC31A2904DF00B5C05A /* bluesnap.png */; };
		A3794FCF1A2904DF00B5C05A /* cyansnap.png in Resources */ = {isa = PBXBuildFile; fileRef = A3794FC41A2904DF00B5C05A /* cyansnap.png */; };
		A3794FD01A2904DF00B5C05A /* emeraldsnap.png in Resources */ = {isa = PBXBuildFile; fileRef = A3794FC51A2904DF00B5C05A /* emeraldsnap.png */; };
		A3794FD31A2904DF00B5C05A /* yellowsnap.png in Resources */ = {isa = PBXBuildFile; fileRef = A3794FC81A2904DF00B5C05A /* yellowsnap.png */; };
		A3794FD41A2904DF00B5C05A /* orangesnap.png in Resources */ = {isa = PBXBuildFile; fileRef = A3794FC91A2904DF00B5C05A /* orangesnap.png */; };
		A3794FD91A2909DE00B5C05A /* grassgreensnap.png in Resources */ = {isa = PBXBuildFile; fileRef = A3794FD71A2909DE00B5C05A /* grassgreensnap.png */; };
		A3794FDA1A2909DE00B5C05A /* greensnap.png in Resources */ = {isa = PBXBuildFile; fileRef = A3794FD81A2909DE00B5C05A /* greensnap.png */; };
		A38331DC1A06AB18002AC8E3 /* PKImagePickerViewController.m in Sources */ = {isa = PBXBuildFile; fileRef = A38331DA1A06AB18002AC8E3 /* PKImagePickerViewController.m */; };
		A38331DD1A06AB18002AC8E3 /* PKImageBundle.bundle in Resources */ = {isa = PBXBuildFile; fileRef = A38331DB1A06AB18002AC8E3 /* PKImageBundle.bundle */; };
		A387D6E819F785FF00BE169B /* WakerMainViewController.mm in Sources */ = {isa = PBXBuildFile; fileRef = A387D6E719F785FF00BE169B /* WakerMainViewController.mm */; };
		A387D6EB19F789FA00BE169B /* AlarmConfigViewController.m in Sources */ = {isa = PBXBuildFile; fileRef = A387D6EA19F789FA00BE169B /* AlarmConfigViewController.m */; };
		A38F22A41A07238900A88790 /* test_image0.jpg in Resources */ = {isa = PBXBuildFile; fileRef = A38F22A31A07238900A88790 /* test_image0.jpg */; };
		A38F22A71A07520300A88790 /* CommonUtils.m in Sources */ = {isa = PBXBuildFile; fileRef = A38F22A61A07520300A88790 /* CommonUtils.m */; };
		A3980DE019F84D25002549F1 /* UIKit.framework in Frameworks */ = {isa = PBXBuildFile; fileRef = A3980DDF19F84D25002549F1 /* UIKit.framework */; };
		A3980DE219F84D34002549F1 /* Foundation.framework in Frameworks */ = {isa = PBXBuildFile; fileRef = A3980DE119F84D34002549F1 /* Foundation.framework */; };
		A39B628119FF432700095D3D /* MainNavigationController.m in Sources */ = {isa = PBXBuildFile; fileRef = A39B628019FF432700095D3D /* MainNavigationController.m */; };
		A3A49C5D1B12D47A0051052B /* 3.png in Resources */ = {isa = PBXBuildFile; fileRef = A3A49C341B12D47A0051052B /* 3.png */; };
		A3A49C5E1B12D47A0051052B /* blue.png in Resources */ = {isa = PBXBuildFile; fileRef = A3A49C351B12D47A0051052B /* blue.png */; };
		A3A49C5F1B12D47A0051052B /* blueselected.png in Resources */ = {isa = PBXBuildFile; fileRef = A3A49C361B12D47A0051052B /* blueselected.png */; };
		A3A49C601B12D47A0051052B /* buttonplus.png in Resources */ = {isa = PBXBuildFile; fileRef = A3A49C371B12D47A0051052B /* buttonplus.png */; };
		A3A49C611B12D47A0051052B /* Cyan.png in Resources */ = {isa = PBXBuildFile; fileRef = A3A49C381B12D47A0051052B /* Cyan.png */; };
		A3A49C621B12D47A0051052B /* Cyanselected.png in Resources */ = {isa = PBXBuildFile; fileRef = A3A49C391B12D47A0051052B /* Cyanselected.png */; };
		A3A49C631B12D47A0051052B /* emerald.png in Resources */ = {isa = PBXBuildFile; fileRef = A3A49C3A1B12D47A0051052B /* emerald.png */; };
		A3A49C641B12D47A0051052B /* emeraldselected.png in Resources */ = {isa = PBXBuildFile; fileRef = A3A49C3B1B12D47A0051052B /* emeraldselected.png */; };
		A3A49C651B12D47A0051052B /* frame.png in Resources */ = {isa = PBXBuildFile; fileRef = A3A49C3C1B12D47A0051052B /* frame.png */; };
		A3A49C661B12D47A0051052B /* grassgreenselected.png in Resources */ = {isa = PBXBuildFile; fileRef = A3A49C3D1B12D47A0051052B /* grassgreenselected.png */; };
		A3A49C671B12D47A0051052B /* green.png in Resources */ = {isa = PBXBuildFile; fileRef = A3A49C3E1B12D47A0051052B /* green.png */; };
		A3A49C681B12D47A0051052B /* greenselected.png in Resources */ = {isa = PBXBuildFile; fileRef = A3A49C3F1B12D47A0051052B /* greenselected.png */; };
		A3A49C691B12D47A0051052B /* Icon-60@2x.png in Resources */ = {isa = PBXBuildFile; fileRef = A3A49C401B12D47A0051052B /* Icon-60@2x.png */; };
		A3A49C6A1B12D47A0051052B /* Icon-60@3x.png in Resources */ = {isa = PBXBuildFile; fileRef = A3A49C411B12D47A0051052B /* Icon-60@3x.png */; };
		A3A49C6B1B12D47A0051052B /* Icon-Small-40@2x.png in Resources */ = {isa = PBXBuildFile; fileRef = A3A49C421B12D47A0051052B /* Icon-Small-40@2x.png */; };
		A3A49C6C1B12D47A0051052B /* Icon-Small-40@3x.png in Resources */ = {isa = PBXBuildFile; fileRef = A3A49C431B12D47A0051052B /* Icon-Small-40@3x.png */; };
		A3A49C6D1B12D47A0051052B /* lightgreen.png in Resources */ = {isa = PBXBuildFile; fileRef = A3A49C441B12D47A0051052B /* lightgreen.png */; };
		A3A49C6E1B12D47A0051052B /* magenta.png in Resources */ = {isa = PBXBuildFile; fileRef = A3A49C451B12D47A0051052B /* magenta.png */; };
		A3A49C6F1B12D47A0051052B /* magentaselected.png in Resources */ = {isa = PBXBuildFile; fileRef = A3A49C461B12D47A0051052B /* magentaselected.png */; };
		A3A49C701B12D47A0051052B /* orange.png in Resources */ = {isa = PBXBuildFile; fileRef = A3A49C471B12D47A0051052B /* orange.png */; };
		A3A49C711B12D47A0051052B /* orangeselected.png in Resources */ = {isa = PBXBuildFile; fileRef = A3A49C481B12D47A0051052B /* orangeselected.png */; };
		A3A49C721B12D47A0051052B /* red.png in Resources */ = {isa = PBXBuildFile; fileRef = A3A49C491B12D47A0051052B /* red.png */; };
		A3A49C731B12D47A0051052B /* redselected.png in Resources */ = {isa = PBXBuildFile; fileRef = A3A49C4A1B12D47A0051052B /* redselected.png */; };
		A3A49C741B12D47A0051052B /* rosered.png in Resources */ = {isa = PBXBuildFile; fileRef = A3A49C4B1B12D47A0051052B /* rosered.png */; };
		A3A49C751B12D47A0051052B /* roseredselected.png in Resources */ = {isa = PBXBuildFile; fileRef = A3A49C4C1B12D47A0051052B /* roseredselected.png */; };
		A3A49C761B12D47A0051052B /* run.png in Resources */ = {isa = PBXBuildFile; fileRef = A3A49C4D1B12D47A0051052B /* run.png */; };
		A3A49C771B12D47A0051052B /* savecancel.png in Resources */ = {isa = PBXBuildFile; fileRef = A3A49C4E1B12D47A0051052B /* savecancel.png */; };
		A3A49C781B12D47A0051052B /* Screen.png in Resources */ = {isa = PBXBuildFile; fileRef = A3A49C4F1B12D47A0051052B /* Screen.png */; };
		A3A49C791B12D47A0051052B /* Screen1.png in Resources */ = {isa = PBXBuildFile; fileRef = A3A49C501B12D47A0051052B /* Screen1.png */; };
		A3A49C7A1B12D47A0051052B /* Screen2.png in Resources */ = {isa = PBXBuildFile; fileRef = A3A49C511B12D47A0051052B /* Screen2.png */; };
		A3A49C7B1B12D47A0051052B /* Screen4.png in Resources */ = {isa = PBXBuildFile; fileRef = A3A49C521B12D47A0051052B /* Screen4.png */; };
		A3A49C7C1B12D47A0051052B /* Screen5.png in Resources */ = {isa = PBXBuildFile; fileRef = A3A49C531B12D47A0051052B /* Screen5.png */; };
		A3A49C7D1B12D47A0051052B /* setting-512.png in Resources */ = {isa = PBXBuildFile; fileRef = A3A49C541B12D47A0051052B /* setting-512.png */; };
		A3A49C7E1B12D47A0051052B /* skyblue.png in Resources */ = {isa = PBXBuildFile; fileRef = A3A49C551B12D47A0051052B /* skyblue.png */; };
		A3A49C7F1B12D47A0051052B /* skyblueselected.png in Resources */ = {isa = PBXBuildFile; fileRef = A3A49C561B12D47A0051052B /* skyblueselected.png */; };
		A3A49C801B12D47A0051052B /* transparant.png in Resources */ = {isa = PBXBuildFile; fileRef = A3A49C571B12D47A0051052B /* transparant.png */; };
		A3A49C811B12D47A0051052B /* violet.png in Resources */ = {isa = PBXBuildFile; fileRef = A3A49C581B12D47A0051052B /* violet.png */; };
		A3A49C821B12D47A0051052B /* violetselected.png in Resources */ = {isa = PBXBuildFile; fileRef = A3A49C591B12D47A0051052B /* violetselected.png */; };
		A3A49C831B12D47A0051052B /* yellow.png in Resources */ = {isa = PBXBuildFile; fileRef = A3A49C5A1B12D47A0051052B /* yellow.png */; };
		A3A49C841B12D47A0051052B /* yellowselected.png in Resources */ = {isa = PBXBuildFile; fileRef = A3A49C5B1B12D47A0051052B /* yellowselected.png */; };
		A3B5F73819FC817C00A44A4A /* Alarm.caf in Resources */ = {isa = PBXBuildFile; fileRef = A3B5F73719FC817C00A44A4A /* Alarm.caf */; };
/* End PBXBuildFile section */

/* Begin PBXContainerItemProxy section */
		A309992E19F74D650081E01D /* PBXContainerItemProxy */ = {
			isa = PBXContainerItemProxy;
			containerPortal = A309990C19F74D650081E01D /* Project object */;
			proxyType = 1;
			remoteGlobalIDString = A309991319F74D650081E01D;
			remoteInfo = Waker;
		};
/* End PBXContainerItemProxy section */

/* Begin PBXFileReference section */
		A00456D31A0720C100230FA6 /* .gitignore */ = {isa = PBXFileReference; fileEncoding = 4; lastKnownFileType = text; path = .gitignore; sourceTree = "<group>"; };
		A00456E51A0720C100230FA6 /* TDDemoViewController.h */ = {isa = PBXFileReference; fileEncoding = 4; lastKnownFileType = sourcecode.c.h; name = TDDemoViewController.h; path = Demo/TDImageColors/TDDemoViewController.h; sourceTree = "<group>"; };
		A00456E61A0720C100230FA6 /* TDDemoViewController.m */ = {isa = PBXFileReference; fileEncoding = 4; lastKnownFileType = sourcecode.c.objc; name = TDDemoViewController.m; path = Demo/TDImageColors/TDDemoViewController.m; sourceTree = "<group>"; };
		A00456F51A0720C100230FA6 /* TDImageColors.h */ = {isa = PBXFileReference; fileEncoding = 4; lastKnownFileType = sourcecode.c.h; path = TDImageColors.h; sourceTree = "<group>"; };
		A00456F61A0720C100230FA6 /* TDImageColors.m */ = {isa = PBXFileReference; fileEncoding = 4; lastKnownFileType = sourcecode.c.objc; path = TDImageColors.m; sourceTree = "<group>"; };
		A00456F71A0720C100230FA6 /* UIColor+TDAdditions.h */ = {isa = PBXFileReference; fileEncoding = 4; lastKnownFileType = sourcecode.c.h; path = "UIColor+TDAdditions.h"; sourceTree = "<group>"; };
		A00456F81A0720C100230FA6 /* UIColor+TDAdditions.m */ = {isa = PBXFileReference; fileEncoding = 4; lastKnownFileType = sourcecode.c.objc; path = "UIColor+TDAdditions.m"; sourceTree = "<group>"; };
		A00456F91A0720C100230FA6 /* UIImage+TDAdditions.h */ = {isa = PBXFileReference; fileEncoding = 4; lastKnownFileType = sourcecode.c.h; path = "UIImage+TDAdditions.h"; sourceTree = "<group>"; };
		A00456FA1A0720C100230FA6 /* UIImage+TDAdditions.m */ = {isa = PBXFileReference; fileEncoding = 4; lastKnownFileType = sourcecode.c.objc; path = "UIImage+TDAdditions.m"; sourceTree = "<group>"; };
		A309991419F74D650081E01D /* Waker.app */ = {isa = PBXFileReference; explicitFileType = wrapper.application; includeInIndex = 0; path = Waker.app; sourceTree = BUILT_PRODUCTS_DIR; };
		A309991819F74D650081E01D /* Info.plist */ = {isa = PBXFileReference; lastKnownFileType = text.plist.xml; path = Info.plist; sourceTree = "<group>"; };
		A309991919F74D650081E01D /* main.m */ = {isa = PBXFileReference; lastKnownFileType = sourcecode.c.objc; path = main.m; sourceTree = "<group>"; };
		A309991B19F74D650081E01D /* AppDelegate.h */ = {isa = PBXFileReference; lastKnownFileType = sourcecode.c.h; path = AppDelegate.h; sourceTree = "<group>"; };
		A309991C19F74D650081E01D /* AppDelegate.m */ = {isa = PBXFileReference; lastKnownFileType = sourcecode.c.objc; path = AppDelegate.m; sourceTree = "<group>"; };
		A309992219F74D650081E01D /* Base */ = {isa = PBXFileReference; lastKnownFileType = file.storyboard; name = Base; path = Base.lproj/Main.storyboard; sourceTree = "<group>"; };
		A309992419F74D650081E01D /* Images.xcassets */ = {isa = PBXFileReference; lastKnownFileType = folder.assetcatalog; path = Images.xcassets; sourceTree = "<group>"; };
		A309992719F74D650081E01D /* Base */ = {isa = PBXFileReference; lastKnownFileType = file.xib; name = Base; path = Base.lproj/LaunchScreen.xib; sourceTree = "<group>"; };
		A309992D19F74D650081E01D /* WakerTests.xctest */ = {isa = PBXFileReference; explicitFileType = wrapper.cfbundle; includeInIndex = 0; path = WakerTests.xctest; sourceTree = BUILT_PRODUCTS_DIR; };
		A309993219F74D650081E01D /* Info.plist */ = {isa = PBXFileReference; lastKnownFileType = text.plist.xml; path = Info.plist; sourceTree = "<group>"; };
		A309993319F74D650081E01D /* WakerTests.m */ = {isa = PBXFileReference; lastKnownFileType = sourcecode.c.objc; path = WakerTests.m; sourceTree = "<group>"; };
		A31B595B19FCDEE800FEAE31 /* AlarmObject.h */ = {isa = PBXFileReference; fileEncoding = 4; lastKnownFileType = sourcecode.c.h; path = AlarmObject.h; sourceTree = "<group>"; };
		A31B595C19FCDEE800FEAE31 /* AlarmObject.m */ = {isa = PBXFileReference; fileEncoding = 4; lastKnownFileType = sourcecode.c.objc; path = AlarmObject.m; sourceTree = "<group>"; };
		A34CF4C719F8586A00A64AFB /* CoreGraphics.framework */ = {isa = PBXFileReference; lastKnownFileType = wrapper.framework; name = CoreGraphics.framework; path = System/Library/Frameworks/CoreGraphics.framework; sourceTree = SDKROOT; };
		A34CF4C919F85C1D00A64AFB /* AVFoundation.framework */ = {isa = PBXFileReference; lastKnownFileType = wrapper.framework; name = AVFoundation.framework; path = System/Library/Frameworks/AVFoundation.framework; sourceTree = SDKROOT; };
		A3794FBD1A29019B00B5C05A /* redsnap.png */ = {isa = PBXFileReference; lastKnownFileType = image.png; name = redsnap.png; path = Waker/redsnap.png; sourceTree = "<group>"; };
		A3794FBF1A2904DF00B5C05A /* roseredsnap.png */ = {isa = PBXFileReference; lastKnownFileType = image.png; name = roseredsnap.png; path = Waker/roseredsnap.png; sourceTree = "<group>"; };
		A3794FC01A2904DF00B5C05A /* magentasnap.png */ = {isa = PBXFileReference; lastKnownFileType = image.png; name = magentasnap.png; path = Waker/magentasnap.png; sourceTree = "<group>"; };
		A3794FC11A2904DF00B5C05A /* violetsnap.png */ = {isa = PBXFileReference; lastKnownFileType = image.png; name = violetsnap.png; path = Waker/violetsnap.png; sourceTree = "<group>"; };
		A3794FC21A2904DF00B5C05A /* skybluesnap.png */ = {isa = PBXFileReference; lastKnownFileType = image.png; name = skybluesnap.png; path = Waker/skybluesnap.png; sourceTree = "<group>"; };
		A3794FC31A2904DF00B5C05A /* bluesnap.png */ = {isa = PBXFileReference; lastKnownFileType = image.png; name = bluesnap.png; path = Waker/bluesnap.png; sourceTree = "<group>"; };
		A3794FC41A2904DF00B5C05A /* cyansnap.png */ = {isa = PBXFileReference; lastKnownFileType = image.png; name = cyansnap.png; path = Waker/cyansnap.png; sourceTree = "<group>"; };
		A3794FC51A2904DF00B5C05A /* emeraldsnap.png */ = {isa = PBXFileReference; lastKnownFileType = image.png; name = emeraldsnap.png; path = Waker/emeraldsnap.png; sourceTree = "<group>"; };
		A3794FC81A2904DF00B5C05A /* yellowsnap.png */ = {isa = PBXFileReference; lastKnownFileType = image.png; name = yellowsnap.png; path = Waker/yellowsnap.png; sourceTree = "<group>"; };
		A3794FC91A2904DF00B5C05A /* orangesnap.png */ = {isa = PBXFileReference; lastKnownFileType = image.png; name = orangesnap.png; path = Waker/orangesnap.png; sourceTree = "<group>"; };
		A3794FD71A2909DE00B5C05A /* grassgreensnap.png */ = {isa = PBXFileReference; lastKnownFileType = image.png; name = grassgreensnap.png; path = Waker/grassgreensnap.png; sourceTree = "<group>"; };
		A3794FD81A2909DE00B5C05A /* greensnap.png */ = {isa = PBXFileReference; lastKnownFileType = image.png; name = greensnap.png; path = Waker/greensnap.png; sourceTree = "<group>"; };
		A38331D91A06AB18002AC8E3 /* PKImagePickerViewController.h */ = {isa = PBXFileReference; fileEncoding = 4; lastKnownFileType = sourcecode.c.h; path = PKImagePickerViewController.h; sourceTree = "<group>"; };
		A38331DA1A06AB18002AC8E3 /* PKImagePickerViewController.m */ = {isa = PBXFileReference; fileEncoding = 4; lastKnownFileType = sourcecode.c.objc; path = PKImagePickerViewController.m; sourceTree = "<group>"; };
		A38331DB1A06AB18002AC8E3 /* PKImageBundle.bundle */ = {isa = PBXFileReference; lastKnownFileType = "wrapper.plug-in"; path = PKImageBundle.bundle; sourceTree = "<group>"; };
		A387D6E619F785FF00BE169B /* WakerMainViewController.h */ = {isa = PBXFileReference; fileEncoding = 4; lastKnownFileType = sourcecode.c.h; path = WakerMainViewController.h; sourceTree = "<group>"; };
		A387D6E719F785FF00BE169B /* WakerMainViewController.mm */ = {isa = PBXFileReference; fileEncoding = 4; lastKnownFileType = sourcecode.cpp.objcpp; path = WakerMainViewController.mm; sourceTree = "<group>"; };
		A387D6E919F789FA00BE169B /* AlarmConfigViewController.h */ = {isa = PBXFileReference; fileEncoding = 4; lastKnownFileType = sourcecode.c.h; path = AlarmConfigViewController.h; sourceTree = "<group>"; };
		A387D6EA19F789FA00BE169B /* AlarmConfigViewController.m */ = {isa = PBXFileReference; fileEncoding = 4; lastKnownFileType = sourcecode.c.objc; path = AlarmConfigViewController.m; sourceTree = "<group>"; };
		A38F22A31A07238900A88790 /* test_image0.jpg */ = {isa = PBXFileReference; lastKnownFileType = image.jpeg; name = test_image0.jpg; path = "Waker/TDImageColors-master/Demo/TDImageColors/images/test_image0.jpg"; sourceTree = "<group>"; };
		A38F22A51A07520300A88790 /* CommonUtils.h */ = {isa = PBXFileReference; fileEncoding = 4; lastKnownFileType = sourcecode.c.h; path = CommonUtils.h; sourceTree = "<group>"; };
		A38F22A61A07520300A88790 /* CommonUtils.m */ = {isa = PBXFileReference; fileEncoding = 4; lastKnownFileType = sourcecode.c.objc; path = CommonUtils.m; sourceTree = "<group>"; };
		A3980DDF19F84D25002549F1 /* UIKit.framework */ = {isa = PBXFileReference; lastKnownFileType = wrapper.framework; name = UIKit.framework; path = System/Library/Frameworks/UIKit.framework; sourceTree = SDKROOT; };
		A3980DE119F84D34002549F1 /* Foundation.framework */ = {isa = PBXFileReference; lastKnownFileType = wrapper.framework; name = Foundation.framework; path = System/Library/Frameworks/Foundation.framework; sourceTree = SDKROOT; };
		A3980DE319F84D8B002549F1 /* Waker-Prefix.pch */ = {isa = PBXFileReference; lastKnownFileType = sourcecode.c.h; path = "Waker-Prefix.pch"; sourceTree = "<group>"; };
		A39B627F19FF432700095D3D /* MainNavigationController.h */ = {isa = PBXFileReference; fileEncoding = 4; lastKnownFileType = sourcecode.c.h; path = MainNavigationController.h; sourceTree = "<group>"; };
		A39B628019FF432700095D3D /* MainNavigationController.m */ = {isa = PBXFileReference; fileEncoding = 4; lastKnownFileType = sourcecode.c.objc; path = MainNavigationController.m; sourceTree = "<group>"; };
		A3A49C341B12D47A0051052B /* 3.png */ = {isa = PBXFileReference; lastKnownFileType = image.png; name = 3.png; path = images/3.png; sourceTree = "<group>"; };
		A3A49C351B12D47A0051052B /* blue.png */ = {isa = PBXFileReference; lastKnownFileType = image.png; name = blue.png; path = images/blue.png; sourceTree = "<group>"; };
		A3A49C361B12D47A0051052B /* blueselected.png */ = {isa = PBXFileReference; lastKnownFileType = image.png; name = blueselected.png; path = images/blueselected.png; sourceTree = "<group>"; };
		A3A49C371B12D47A0051052B /* buttonplus.png */ = {isa = PBXFileReference; lastKnownFileType = image.png; name = buttonplus.png; path = images/buttonplus.png; sourceTree = "<group>"; };
		A3A49C381B12D47A0051052B /* Cyan.png */ = {isa = PBXFileReference; lastKnownFileType = image.png; name = Cyan.png; path = images/Cyan.png; sourceTree = "<group>"; };
		A3A49C391B12D47A0051052B /* Cyanselected.png */ = {isa = PBXFileReference; lastKnownFileType = image.png; name = Cyanselected.png; path = images/Cyanselected.png; sourceTree = "<group>"; };
		A3A49C3A1B12D47A0051052B /* emerald.png */ = {isa = PBXFileReference; lastKnownFileType = image.png; name = emerald.png; path = images/emerald.png; sourceTree = "<group>"; };
		A3A49C3B1B12D47A0051052B /* emeraldselected.png */ = {isa = PBXFileReference; lastKnownFileType = image.png; name = emeraldselected.png; path = images/emeraldselected.png; sourceTree = "<group>"; };
		A3A49C3C1B12D47A0051052B /* frame.png */ = {isa = PBXFileReference; lastKnownFileType = image.png; name = frame.png; path = images/frame.png; sourceTree = "<group>"; };
		A3A49C3D1B12D47A0051052B /* grassgreenselected.png */ = {isa = PBXFileReference; lastKnownFileType = image.png; name = grassgreenselected.png; path = images/grassgreenselected.png; sourceTree = "<group>"; };
		A3A49C3E1B12D47A0051052B /* green.png */ = {isa = PBXFileReference; lastKnownFileType = image.png; name = green.png; path = images/green.png; sourceTree = "<group>"; };
		A3A49C3F1B12D47A0051052B /* greenselected.png */ = {isa = PBXFileReference; lastKnownFileType = image.png; name = greenselected.png; path = images/greenselected.png; sourceTree = "<group>"; };
		A3A49C401B12D47A0051052B /* Icon-60@2x.png */ = {isa = PBXFileReference; lastKnownFileType = image.png; name = "Icon-60@2x.png"; path = "images/Icon-60@2x.png"; sourceTree = "<group>"; };
		A3A49C411B12D47A0051052B /* Icon-60@3x.png */ = {isa = PBXFileReference; lastKnownFileType = image.png; name = "Icon-60@3x.png"; path = "images/Icon-60@3x.png"; sourceTree = "<group>"; };
		A3A49C421B12D47A0051052B /* Icon-Small-40@2x.png */ = {isa = PBXFileReference; lastKnownFileType = image.png; name = "Icon-Small-40@2x.png"; path = "images/Icon-Small-40@2x.png"; sourceTree = "<group>"; };
		A3A49C431B12D47A0051052B /* Icon-Small-40@3x.png */ = {isa = PBXFileReference; lastKnownFileType = image.png; name = "Icon-Small-40@3x.png"; path = "images/Icon-Small-40@3x.png"; sourceTree = "<group>"; };
		A3A49C441B12D47A0051052B /* lightgreen.png */ = {isa = PBXFileReference; lastKnownFileType = image.png; name = lightgreen.png; path = images/lightgreen.png; sourceTree = "<group>"; };
		A3A49C451B12D47A0051052B /* magenta.png */ = {isa = PBXFileReference; lastKnownFileType = image.png; name = magenta.png; path = images/magenta.png; sourceTree = "<group>"; };
		A3A49C461B12D47A0051052B /* magentaselected.png */ = {isa = PBXFileReference; lastKnownFileType = image.png; name = magentaselected.png; path = images/magentaselected.png; sourceTree = "<group>"; };
		A3A49C471B12D47A0051052B /* orange.png */ = {isa = PBXFileReference; lastKnownFileType = image.png; name = orange.png; path = images/orange.png; sourceTree = "<group>"; };
		A3A49C481B12D47A0051052B /* orangeselected.png */ = {isa = PBXFileReference; lastKnownFileType = image.png; name = orangeselected.png; path = images/orangeselected.png; sourceTree = "<group>"; };
		A3A49C491B12D47A0051052B /* red.png */ = {isa = PBXFileReference; lastKnownFileType = image.png; name = red.png; path = images/red.png; sourceTree = "<group>"; };
		A3A49C4A1B12D47A0051052B /* redselected.png */ = {isa = PBXFileReference; lastKnownFileType = image.png; name = redselected.png; path = images/redselected.png; sourceTree = "<group>"; };
		A3A49C4B1B12D47A0051052B /* rosered.png */ = {isa = PBXFileReference; lastKnownFileType = image.png; name = rosered.png; path = images/rosered.png; sourceTree = "<group>"; };
		A3A49C4C1B12D47A0051052B /* roseredselected.png */ = {isa = PBXFileReference; lastKnownFileType = image.png; name = roseredselected.png; path = images/roseredselected.png; sourceTree = "<group>"; };
		A3A49C4D1B12D47A0051052B /* run.png */ = {isa = PBXFileReference; lastKnownFileType = image.png; name = run.png; path = images/run.png; sourceTree = "<group>"; };
		A3A49C4E1B12D47A0051052B /* savecancel.png */ = {isa = PBXFileReference; lastKnownFileType = image.png; name = savecancel.png; path = images/savecancel.png; sourceTree = "<group>"; };
		A3A49C4F1B12D47A0051052B /* Screen.png */ = {isa = PBXFileReference; lastKnownFileType = image.png; name = Screen.png; path = images/Screen.png; sourceTree = "<group>"; };
		A3A49C501B12D47A0051052B /* Screen1.png */ = {isa = PBXFileReference; lastKnownFileType = image.png; name = Screen1.png; path = images/Screen1.png; sourceTree = "<group>"; };
		A3A49C511B12D47A0051052B /* Screen2.png */ = {isa = PBXFileReference; lastKnownFileType = image.png; name = Screen2.png; path = images/Screen2.png; sourceTree = "<group>"; };
		A3A49C521B12D47A0051052B /* Screen4.png */ = {isa = PBXFileReference; lastKnownFileType = image.png; name = Screen4.png; path = images/Screen4.png; sourceTree = "<group>"; };
		A3A49C531B12D47A0051052B /* Screen5.png */ = {isa = PBXFileReference; lastKnownFileType = image.png; name = Screen5.png; path = images/Screen5.png; sourceTree = "<group>"; };
		A3A49C541B12D47A0051052B /* setting-512.png */ = {isa = PBXFileReference; lastKnownFileType = image.png; name = "setting-512.png"; path = "images/setting-512.png"; sourceTree = "<group>"; };
		A3A49C551B12D47A0051052B /* skyblue.png */ = {isa = PBXFileReference; lastKnownFileType = image.png; name = skyblue.png; path = images/skyblue.png; sourceTree = "<group>"; };
		A3A49C561B12D47A0051052B /* skyblueselected.png */ = {isa = PBXFileReference; lastKnownFileType = image.png; name = skyblueselected.png; path = images/skyblueselected.png; sourceTree = "<group>"; };
		A3A49C571B12D47A0051052B /* transparant.png */ = {isa = PBXFileReference; lastKnownFileType = image.png; name = transparant.png; path = images/transparant.png; sourceTree = "<group>"; };
		A3A49C581B12D47A0051052B /* violet.png */ = {isa = PBXFileReference; lastKnownFileType = image.png; name = violet.png; path = images/violet.png; sourceTree = "<group>"; };
		A3A49C591B12D47A0051052B /* violetselected.png */ = {isa = PBXFileReference; lastKnownFileType = image.png; name = violetselected.png; path = images/violetselected.png; sourceTree = "<group>"; };
		A3A49C5A1B12D47A0051052B /* yellow.png */ = {isa = PBXFileReference; lastKnownFileType = image.png; name = yellow.png; path = images/yellow.png; sourceTree = "<group>"; };
		A3A49C5B1B12D47A0051052B /* yellowselected.png */ = {isa = PBXFileReference; lastKnownFileType = image.png; name = yellowselected.png; path = images/yellowselected.png; sourceTree = "<group>"; };
		A3B5F73719FC817C00A44A4A /* Alarm.caf */ = {isa = PBXFileReference; lastKnownFileType = file; name = Alarm.caf; path = Sources/Alarm.caf; sourceTree = "<group>"; };
/* End PBXFileReference section */

/* Begin PBXFrameworksBuildPhase section */
		A309991119F74D650081E01D /* Frameworks */ = {
			isa = PBXFrameworksBuildPhase;
			buildActionMask = 2147483647;
			files = (
				A3980DE019F84D25002549F1 /* UIKit.framework in Frameworks */,
				A3980DE219F84D34002549F1 /* Foundation.framework in Frameworks */,
				A34CF4C819F8586A00A64AFB /* CoreGraphics.framework in Frameworks */,
				A34CF4CB19F85C5C00A64AFB /* AVFoundation.framework in Frameworks */,
			);
			runOnlyForDeploymentPostprocessing = 0;
		};
		A309992A19F74D650081E01D /* Frameworks */ = {
			isa = PBXFrameworksBuildPhase;
			buildActionMask = 2147483647;
			files = (
			);
			runOnlyForDeploymentPostprocessing = 0;
		};
/* End PBXFrameworksBuildPhase section */

/* Begin PBXGroup section */
		A00456D21A0720C100230FA6 /* TDImageColors-master */ = {
			isa = PBXGroup;
			children = (
				A00456E51A0720C100230FA6 /* TDDemoViewController.h */,
				A00456E61A0720C100230FA6 /* TDDemoViewController.m */,
				A00456F41A0720C100230FA6 /* TDImageColors */,
				A00456D31A0720C100230FA6 /* .gitignore */,
			);
			path = "TDImageColors-master";
			sourceTree = "<group>";
		};
		A00456F41A0720C100230FA6 /* TDImageColors */ = {
			isa = PBXGroup;
			children = (
				A00456F51A0720C100230FA6 /* TDImageColors.h */,
				A00456F61A0720C100230FA6 /* TDImageColors.m */,
				A00456F71A0720C100230FA6 /* UIColor+TDAdditions.h */,
				A00456F81A0720C100230FA6 /* UIColor+TDAdditions.m */,
				A00456F91A0720C100230FA6 /* UIImage+TDAdditions.h */,
				A00456FA1A0720C100230FA6 /* UIImage+TDAdditions.m */,
			);
			path = TDImageColors;
			sourceTree = "<group>";
		};
		A309990B19F74D650081E01D = {
			isa = PBXGroup;
			children = (
				A34CF4C919F85C1D00A64AFB /* AVFoundation.framework */,
				A34CF4C719F8586A00A64AFB /* CoreGraphics.framework */,
				A309991619F74D650081E01D /* Waker */,
				A309993019F74D650081E01D /* WakerTests */,
				A309991519F74D650081E01D /* Products */,
			);
			sourceTree = "<group>";
		};
		A309991519F74D650081E01D /* Products */ = {
			isa = PBXGroup;
			children = (
				A309991419F74D650081E01D /* Waker.app */,
				A309992D19F74D650081E01D /* WakerTests.xctest */,
			);
			name = Products;
			sourceTree = "<group>";
		};
		A309991619F74D650081E01D /* Waker */ = {
			isa = PBXGroup;
			children = (
				A38F22A51A07520300A88790 /* CommonUtils.h */,
				A3F349B11A16E0F300951B6F /* WakerMain */,
				A38F22A61A07520300A88790 /* CommonUtils.m */,
				A00456D21A0720C100230FA6 /* TDImageColors-master */,
				A3E84A9D1A06A1A000BE83E2 /* ImagePicker */,
				A39B625619FF2C2400095D3D /* images */,
				A309991719F74D650081E01D /* Supporting Files */,
			);
			path = Waker;
			sourceTree = "<group>";
		};
		A309991719F74D650081E01D /* Supporting Files */ = {
			isa = PBXGroup;
			children = (
				A3B5F73719FC817C00A44A4A /* Alarm.caf */,
				A3980DE119F84D34002549F1 /* Foundation.framework */,
				A3980DDF19F84D25002549F1 /* UIKit.framework */,
				A309991819F74D650081E01D /* Info.plist */,
				A309991919F74D650081E01D /* main.m */,
				A3980DE319F84D8B002549F1 /* Waker-Prefix.pch */,
			);
			name = "Supporting Files";
			sourceTree = "<group>";
		};
		A309993019F74D650081E01D /* WakerTests */ = {
			isa = PBXGroup;
			children = (
				A309993319F74D650081E01D /* WakerTests.m */,
				A309993119F74D650081E01D /* Supporting Files */,
			);
			path = WakerTests;
			sourceTree = "<group>";
		};
		A309993119F74D650081E01D /* Supporting Files */ = {
			isa = PBXGroup;
			children = (
				A309993219F74D650081E01D /* Info.plist */,
			);
			name = "Supporting Files";
			sourceTree = "<group>";
		};
		A39B625619FF2C2400095D3D /* images */ = {
			isa = PBXGroup;
			children = (
				A3A49C341B12D47A0051052B /* 3.png */,
				A3A49C351B12D47A0051052B /* blue.png */,
				A3A49C361B12D47A0051052B /* blueselected.png */,
				A3A49C371B12D47A0051052B /* buttonplus.png */,
				A3A49C381B12D47A0051052B /* Cyan.png */,
				A3A49C391B12D47A0051052B /* Cyanselected.png */,
				A3A49C3A1B12D47A0051052B /* emerald.png */,
				A3A49C3B1B12D47A0051052B /* emeraldselected.png */,
				A3A49C3C1B12D47A0051052B /* frame.png */,
				A3A49C3D1B12D47A0051052B /* grassgreenselected.png */,
				A3A49C3E1B12D47A0051052B /* green.png */,
				A3A49C3F1B12D47A0051052B /* greenselected.png */,
				A3A49C401B12D47A0051052B /* Icon-60@2x.png */,
				A3A49C411B12D47A0051052B /* Icon-60@3x.png */,
				A3A49C421B12D47A0051052B /* Icon-Small-40@2x.png */,
				A3A49C431B12D47A0051052B /* Icon-Small-40@3x.png */,
				A3A49C441B12D47A0051052B /* lightgreen.png */,
				A3A49C451B12D47A0051052B /* magenta.png */,
				A3A49C461B12D47A0051052B /* magentaselected.png */,
				A3A49C471B12D47A0051052B /* orange.png */,
				A3A49C481B12D47A0051052B /* orangeselected.png */,
				A3A49C491B12D47A0051052B /* red.png */,
				A3A49C4A1B12D47A0051052B /* redselected.png */,
				A3A49C4B1B12D47A0051052B /* rosered.png */,
				A3A49C4C1B12D47A0051052B /* roseredselected.png */,
				A3A49C4D1B12D47A0051052B /* run.png */,
				A3A49C4E1B12D47A0051052B /* savecancel.png */,
				A3A49C4F1B12D47A0051052B /* Screen.png */,
				A3A49C501B12D47A0051052B /* Screen1.png */,
				A3A49C511B12D47A0051052B /* Screen2.png */,
				A3A49C521B12D47A0051052B /* Screen4.png */,
				A3A49C531B12D47A0051052B /* Screen5.png */,
				A3A49C541B12D47A0051052B /* setting-512.png */,
				A3A49C551B12D47A0051052B /* skyblue.png */,
				A3A49C561B12D47A0051052B /* skyblueselected.png */,
				A3A49C571B12D47A0051052B /* transparant.png */,
				A3A49C581B12D47A0051052B /* violet.png */,
				A3A49C591B12D47A0051052B /* violetselected.png */,
				A3A49C5A1B12D47A0051052B /* yellow.png */,
				A3A49C5B1B12D47A0051052B /* yellowselected.png */,
				A3794FD71A2909DE00B5C05A /* grassgreensnap.png */,
				A3794FD81A2909DE00B5C05A /* greensnap.png */,
				A3794FBF1A2904DF00B5C05A /* roseredsnap.png */,
				A3794FC01A2904DF00B5C05A /* magentasnap.png */,
				A3794FC11A2904DF00B5C05A /* violetsnap.png */,
				A3794FC21A2904DF00B5C05A /* skybluesnap.png */,
				A3794FC31A2904DF00B5C05A /* bluesnap.png */,
				A3794FC41A2904DF00B5C05A /* cyansnap.png */,
				A3794FC51A2904DF00B5C05A /* emeraldsnap.png */,
				A3794FC81A2904DF00B5C05A /* yellowsnap.png */,
				A3794FC91A2904DF00B5C05A /* orangesnap.png */,
				A3794FBD1A29019B00B5C05A /* redsnap.png */,
				A38F22A31A07238900A88790 /* test_image0.jpg */,
			);
			name = images;
			path = ..;
			sourceTree = "<group>";
		};
		A3E84A9D1A06A1A000BE83E2 /* ImagePicker */ = {
			isa = PBXGroup;
			children = (
				A38331D91A06AB18002AC8E3 /* PKImagePickerViewController.h */,
				A38331DA1A06AB18002AC8E3 /* PKImagePickerViewController.m */,
				A38331DB1A06AB18002AC8E3 /* PKImageBundle.bundle */,
			);
			name = ImagePicker;
			sourceTree = "<group>";
		};
		A3F349B11A16E0F300951B6F /* WakerMain */ = {
			isa = PBXGroup;
			children = (
				A31B595B19FCDEE800FEAE31 /* AlarmObject.h */,
				A31B595C19FCDEE800FEAE31 /* AlarmObject.m */,
				A387D6E919F789FA00BE169B /* AlarmConfigViewController.h */,
				A387D6EA19F789FA00BE169B /* AlarmConfigViewController.m */,
				A309991B19F74D650081E01D /* AppDelegate.h */,
				A309991C19F74D650081E01D /* AppDelegate.m */,
				A387D6E619F785FF00BE169B /* WakerMainViewController.h */,
				A387D6E719F785FF00BE169B /* WakerMainViewController.mm */,
				A309992119F74D650081E01D /* Main.storyboard */,
				A39B627F19FF432700095D3D /* MainNavigationController.h */,
				A39B628019FF432700095D3D /* MainNavigationController.m */,
				A309992419F74D650081E01D /* Images.xcassets */,
				A309992619F74D650081E01D /* LaunchScreen.xib */,
			);
			name = WakerMain;
			sourceTree = "<group>";
		};
/* End PBXGroup section */

/* Begin PBXNativeTarget section */
		A309991319F74D650081E01D /* Waker */ = {
			isa = PBXNativeTarget;
			buildConfigurationList = A309993719F74D650081E01D /* Build configuration list for PBXNativeTarget "Waker" */;
			buildPhases = (
				A309991019F74D650081E01D /* Sources */,
				A309991119F74D650081E01D /* Frameworks */,
				A309991219F74D650081E01D /* Resources */,
			);
			buildRules = (
			);
			dependencies = (
			);
			name = Waker;
			productName = Waker;
			productReference = A309991419F74D650081E01D /* Waker.app */;
			productType = "com.apple.product-type.application";
		};
		A309992C19F74D650081E01D /* WakerTests */ = {
			isa = PBXNativeTarget;
			buildConfigurationList = A309993A19F74D650081E01D /* Build configuration list for PBXNativeTarget "WakerTests" */;
			buildPhases = (
				A309992919F74D650081E01D /* Sources */,
				A309992A19F74D650081E01D /* Frameworks */,
				A309992B19F74D650081E01D /* Resources */,
			);
			buildRules = (
			);
			dependencies = (
				A309992F19F74D650081E01D /* PBXTargetDependency */,
			);
			name = WakerTests;
			productName = WakerTests;
			productReference = A309992D19F74D650081E01D /* WakerTests.xctest */;
			productType = "com.apple.product-type.bundle.unit-test";
		};
/* End PBXNativeTarget section */

/* Begin PBXProject section */
		A309990C19F74D650081E01D /* Project object */ = {
			isa = PBXProject;
			attributes = {
				LastUpgradeCheck = 0610;
				ORGANIZATIONNAME = ECE1780;
				TargetAttributes = {
					A309991319F74D650081E01D = {
						CreatedOnToolsVersion = 6.1;
					};
					A309992C19F74D650081E01D = {
						CreatedOnToolsVersion = 6.1;
						TestTargetID = A309991319F74D650081E01D;
					};
				};
			};
			buildConfigurationList = A309990F19F74D650081E01D /* Build configuration list for PBXProject "Waker" */;
			compatibilityVersion = "Xcode 3.2";
			developmentRegion = English;
			hasScannedForEncodings = 0;
			knownRegions = (
				en,
				Base,
			);
			mainGroup = A309990B19F74D650081E01D;
			productRefGroup = A309991519F74D650081E01D /* Products */;
			projectDirPath = "";
			projectRoot = "";
			targets = (
				A309991319F74D650081E01D /* Waker */,
				A309992C19F74D650081E01D /* WakerTests */,
			);
		};
/* End PBXProject section */

/* Begin PBXResourcesBuildPhase section */
		A309991219F74D650081E01D /* Resources */ = {
			isa = PBXResourcesBuildPhase;
			buildActionMask = 2147483647;
			files = (
				A3794FCD1A2904DF00B5C05A /* skybluesnap.png in Resources */,
				A3A49C6E1B12D47A0051052B /* magenta.png in Resources */,
				A3A49C841B12D47A0051052B /* yellowselected.png in Resources */,
				A3794FCB1A2904DF00B5C05A /* magentasnap.png in Resources */,
				A3A49C7C1B12D47A0051052B /* Screen5.png in Resources */,
				A3A49C6D1B12D47A0051052B /* lightgreen.png in Resources */,
				A3A49C831B12D47A0051052B /* yellow.png in Resources */,
				A3794FCF1A2904DF00B5C05A /* cyansnap.png in Resources */,
				A3A49C631B12D47A0051052B /* emerald.png in Resources */,
				A3A49C741B12D47A0051052B /* rosered.png in Resources */,
				A3A49C761B12D47A0051052B /* run.png in Resources */,
				A3A49C7A1B12D47A0051052B /* Screen2.png in Resources */,
				A309992319F74D650081E01D /* Main.storyboard in Resources */,
				A38F22A41A07238900A88790 /* test_image0.jpg in Resources */,
				A3A49C711B12D47A0051052B /* orangeselected.png in Resources */,
				A3794FCC1A2904DF00B5C05A /* violetsnap.png in Resources */,
				A3A49C771B12D47A0051052B /* savecancel.png in Resources */,
				A3A49C5E1B12D47A0051052B /* blue.png in Resources */,
				A3A49C641B12D47A0051052B /* emeraldselected.png in Resources */,
				A00456FC1A0720C100230FA6 /* .gitignore in Resources */,
				A3A49C601B12D47A0051052B /* buttonplus.png in Resources */,
				A3794FBE1A29019B00B5C05A /* redsnap.png in Resources */,
				A3A49C7F1B12D47A0051052B /* skyblueselected.png in Resources */,
				A3A49C661B12D47A0051052B /* grassgreenselected.png in Resources */,
				A3794FD01A2904DF00B5C05A /* emeraldsnap.png in Resources */,
				A3794FD31A2904DF00B5C05A /* yellowsnap.png in Resources */,
				A3A49C811B12D47A0051052B /* violet.png in Resources */,
				A309992819F74D650081E01D /* LaunchScreen.xib in Resources */,
				A3A49C5D1B12D47A0051052B /* 3.png in Resources */,
				A3A49C7B1B12D47A0051052B /* Screen4.png in Resources */,
				A3A49C621B12D47A0051052B /* Cyanselected.png in Resources */,
				A3A49C5F1B12D47A0051052B /* blueselected.png in Resources */,
				A3A49C6F1B12D47A0051052B /* magentaselected.png in Resources */,
				A3794FCE1A2904DF00B5C05A /* bluesnap.png in Resources */,
				A3A49C651B12D47A0051052B /* frame.png in Resources */,
				A3A49C781B12D47A0051052B /* Screen.png in Resources */,
				A3A49C6C1B12D47A0051052B /* Icon-Small-40@3x.png in Resources */,
				A3B5F73819FC817C00A44A4A /* Alarm.caf in Resources */,
				A38331DD1A06AB18002AC8E3 /* PKImageBundle.bundle in Resources */,
				A3A49C671B12D47A0051052B /* green.png in Resources */,
				A309992519F74D650081E01D /* Images.xcassets in Resources */,
				A3A49C7D1B12D47A0051052B /* setting-512.png in Resources */,
				A3A49C801B12D47A0051052B /* transparant.png in Resources */,
				A3A49C691B12D47A0051052B /* Icon-60@2x.png in Resources */,
				A3A49C731B12D47A0051052B /* redselected.png in Resources */,
				A3794FD41A2904DF00B5C05A /* orangesnap.png in Resources */,
				A3A49C821B12D47A0051052B /* violetselected.png in Resources */,
				A3794FD91A2909DE00B5C05A /* grassgreensnap.png in Resources */,
				A3A49C701B12D47A0051052B /* orange.png in Resources */,
				A3A49C791B12D47A0051052B /* Screen1.png in Resources */,
				A3A49C7E1B12D47A0051052B /* skyblue.png in Resources */,
				A3A49C611B12D47A0051052B /* Cyan.png in Resources */,
				A3A49C751B12D47A0051052B /* roseredselected.png in Resources */,
				A3794FCA1A2904DF00B5C05A /* roseredsnap.png in Resources */,
				A3A49C6B1B12D47A0051052B /* Icon-Small-40@2x.png in Resources */,
				A3A49C681B12D47A0051052B /* greenselected.png in Resources */,
				A3A49C721B12D47A0051052B /* red.png in Resources */,
				A3A49C6A1B12D47A0051052B /* Icon-60@3x.png in Resources */,
				A3794FDA1A2909DE00B5C05A /* greensnap.png in Resources */,
			);
			runOnlyForDeploymentPostprocessing = 0;
		};
		A309992B19F74D650081E01D /* Resources */ = {
			isa = PBXResourcesBuildPhase;
			buildActionMask = 2147483647;
			files = (
			);
			runOnlyForDeploymentPostprocessing = 0;
		};
/* End PBXResourcesBuildPhase section */

/* Begin PBXSourcesBuildPhase section */
		A309991019F74D650081E01D /* Sources */ = {
			isa = PBXSourcesBuildPhase;
			buildActionMask = 2147483647;
			files = (
				A00457121A0720C100230FA6 /* UIImage+TDAdditions.m in Sources */,
				A309991D19F74D650081E01D /* AppDelegate.m in Sources */,
				A00457101A0720C100230FA6 /* TDImageColors.m in Sources */,
				A38F22A71A07520300A88790 /* CommonUtils.m in Sources */,
				A39B628119FF432700095D3D /* MainNavigationController.m in Sources */,
				A00457081A0720C100230FA6 /* TDDemoViewController.m in Sources */,
				A31B595D19FCDEE800FEAE31 /* AlarmObject.m in Sources */,
				A387D6EB19F789FA00BE169B /* AlarmConfigViewController.m in Sources */,
				A38331DC1A06AB18002AC8E3 /* PKImagePickerViewController.m in Sources */,
				A387D6E819F785FF00BE169B /* WakerMainViewController.mm in Sources */,
				A00457111A0720C100230FA6 /* UIColor+TDAdditions.m in Sources */,
				A309991A19F74D650081E01D /* main.m in Sources */,
			);
			runOnlyForDeploymentPostprocessing = 0;
		};
		A309992919F74D650081E01D /* Sources */ = {
			isa = PBXSourcesBuildPhase;
			buildActionMask = 2147483647;
			files = (
				A309993419F74D650081E01D /* WakerTests.m in Sources */,
			);
			runOnlyForDeploymentPostprocessing = 0;
		};
/* End PBXSourcesBuildPhase section */

/* Begin PBXTargetDependency section */
		A309992F19F74D650081E01D /* PBXTargetDependency */ = {
			isa = PBXTargetDependency;
			target = A309991319F74D650081E01D /* Waker */;
			targetProxy = A309992E19F74D650081E01D /* PBXContainerItemProxy */;
		};
/* End PBXTargetDependency section */

/* Begin PBXVariantGroup section */
		A309992119F74D650081E01D /* Main.storyboard */ = {
			isa = PBXVariantGroup;
			children = (
				A309992219F74D650081E01D /* Base */,
			);
			name = Main.storyboard;
			sourceTree = "<group>";
		};
		A309992619F74D650081E01D /* LaunchScreen.xib */ = {
			isa = PBXVariantGroup;
			children = (
				A309992719F74D650081E01D /* Base */,
			);
			name = LaunchScreen.xib;
			sourceTree = "<group>";
		};
/* End PBXVariantGroup section */

/* Begin XCBuildConfiguration section */
		A309993519F74D650081E01D /* Debug */ = {
			isa = XCBuildConfiguration;
			buildSettings = {
				ALWAYS_SEARCH_USER_PATHS = NO;
				CLANG_CXX_LANGUAGE_STANDARD = "gnu++0x";
				CLANG_CXX_LIBRARY = "libc++";
				CLANG_ENABLE_MODULES = YES;
				CLANG_ENABLE_OBJC_ARC = YES;
				CLANG_WARN_BOOL_CONVERSION = YES;
				CLANG_WARN_CONSTANT_CONVERSION = YES;
				CLANG_WARN_DIRECT_OBJC_ISA_USAGE = YES_ERROR;
				CLANG_WARN_EMPTY_BODY = YES;
				CLANG_WARN_ENUM_CONVERSION = YES;
				CLANG_WARN_INT_CONVERSION = YES;
				CLANG_WARN_OBJC_ROOT_CLASS = YES_ERROR;
				CLANG_WARN_UNREACHABLE_CODE = YES;
				CLANG_WARN__DUPLICATE_METHOD_MATCH = YES;
				"CODE_SIGN_IDENTITY[sdk=iphoneos*]" = "iPhone Developer";
				COPY_PHASE_STRIP = NO;
				ENABLE_STRICT_OBJC_MSGSEND = YES;
				GCC_C_LANGUAGE_STANDARD = gnu99;
				GCC_DYNAMIC_NO_PIC = NO;
				GCC_OPTIMIZATION_LEVEL = 0;
				GCC_PREPROCESSOR_DEFINITIONS = (
					"DEBUG=1",
					"$(inherited)",
				);
				GCC_SYMBOLS_PRIVATE_EXTERN = NO;
				GCC_WARN_64_TO_32_BIT_CONVERSION = YES;
				GCC_WARN_ABOUT_RETURN_TYPE = YES_ERROR;
				GCC_WARN_UNDECLARED_SELECTOR = YES;
				GCC_WARN_UNINITIALIZED_AUTOS = YES_AGGRESSIVE;
				GCC_WARN_UNUSED_FUNCTION = YES;
				GCC_WARN_UNUSED_VARIABLE = YES;
				IPHONEOS_DEPLOYMENT_TARGET = 8.1;
				MTL_ENABLE_DEBUG_INFO = YES;
				ONLY_ACTIVE_ARCH = YES;
				SDKROOT = iphoneos;
			};
			name = Debug;
		};
		A309993619F74D650081E01D /* Release */ = {
			isa = XCBuildConfiguration;
			buildSettings = {
				ALWAYS_SEARCH_USER_PATHS = NO;
				CLANG_CXX_LANGUAGE_STANDARD = "gnu++0x";
				CLANG_CXX_LIBRARY = "libc++";
				CLANG_ENABLE_MODULES = YES;
				CLANG_ENABLE_OBJC_ARC = YES;
				CLANG_WARN_BOOL_CONVERSION = YES;
				CLANG_WARN_CONSTANT_CONVERSION = YES;
				CLANG_WARN_DIRECT_OBJC_ISA_USAGE = YES_ERROR;
				CLANG_WARN_EMPTY_BODY = YES;
				CLANG_WARN_ENUM_CONVERSION = YES;
				CLANG_WARN_INT_CONVERSION = YES;
				CLANG_WARN_OBJC_ROOT_CLASS = YES_ERROR;
				CLANG_WARN_UNREACHABLE_CODE = YES;
				CLANG_WARN__DUPLICATE_METHOD_MATCH = YES;
				"CODE_SIGN_IDENTITY[sdk=iphoneos*]" = "iPhone Developer";
				COPY_PHASE_STRIP = YES;
				ENABLE_NS_ASSERTIONS = NO;
				ENABLE_STRICT_OBJC_MSGSEND = YES;
				GCC_C_LANGUAGE_STANDARD = gnu99;
				GCC_WARN_64_TO_32_BIT_CONVERSION = YES;
				GCC_WARN_ABOUT_RETURN_TYPE = YES_ERROR;
				GCC_WARN_UNDECLARED_SELECTOR = YES;
				GCC_WARN_UNINITIALIZED_AUTOS = YES_AGGRESSIVE;
				GCC_WARN_UNUSED_FUNCTION = YES;
				GCC_WARN_UNUSED_VARIABLE = YES;
				IPHONEOS_DEPLOYMENT_TARGET = 8.1;
				MTL_ENABLE_DEBUG_INFO = NO;
				SDKROOT = iphoneos;
				VALIDATE_PRODUCT = YES;
			};
			name = Release;
		};
		A309993819F74D650081E01D /* Debug */ = {
			isa = XCBuildConfiguration;
			buildSettings = {
				ASSETCATALOG_COMPILER_APPICON_NAME = AppIcon;
				FRAMEWORK_SEARCH_PATHS = (
					"$(inherited)",
					"$(PROJECT_DIR)",
				);
				INFOPLIST_FILE = Waker/Info.plist;
				LD_RUNPATH_SEARCH_PATHS = "$(inherited) @executable_path/Frameworks";
				PRODUCT_NAME = "$(TARGET_NAME)";
			};
			name = Debug;
		};
		A309993919F74D650081E01D /* Release */ = {
			isa = XCBuildConfiguration;
			buildSettings = {
				ASSETCATALOG_COMPILER_APPICON_NAME = AppIcon;
				FRAMEWORK_SEARCH_PATHS = (
					"$(inherited)",
					"$(PROJECT_DIR)",
				);
				INFOPLIST_FILE = Waker/Info.plist;
				LD_RUNPATH_SEARCH_PATHS = "$(inherited) @executable_path/Frameworks";
				PRODUCT_NAME = "$(TARGET_NAME)";
			};
			name = Release;
		};
		A309993B19F74D650081E01D /* Debug */ = {
			isa = XCBuildConfiguration;
			buildSettings = {
				BUNDLE_LOADER = "$(TEST_HOST)";
				FRAMEWORK_SEARCH_PATHS = (
					"$(SDKROOT)/Developer/Library/Frameworks",
					"$(inherited)",
				);
				GCC_PREPROCESSOR_DEFINITIONS = (
					"DEBUG=1",
					"$(inherited)",
				);
				INFOPLIST_FILE = WakerTests/Info.plist;
				LD_RUNPATH_SEARCH_PATHS = "$(inherited) @executable_path/Frameworks @loader_path/Frameworks";
				PRODUCT_NAME = "$(TARGET_NAME)";
				TEST_HOST = "$(BUILT_PRODUCTS_DIR)/Waker.app/Waker";
			};
			name = Debug;
		};
		A309993C19F74D650081E01D /* Release */ = {
			isa = XCBuildConfiguration;
			buildSettings = {
				BUNDLE_LOADER = "$(TEST_HOST)";
				FRAMEWORK_SEARCH_PATHS = (
					"$(SDKROOT)/Developer/Library/Frameworks",
					"$(inherited)",
				);
				INFOPLIST_FILE = WakerTests/Info.plist;
				LD_RUNPATH_SEARCH_PATHS = "$(inherited) @executable_path/Frameworks @loader_path/Frameworks";
				PRODUCT_NAME = "$(TARGET_NAME)";
				TEST_HOST = "$(BUILT_PRODUCTS_DIR)/Waker.app/Waker";
			};
			name = Release;
		};
/* End XCBuildConfiguration section */

/* Begin XCConfigurationList section */
		A309990F19F74D650081E01D /* Build configuration list for PBXProject "Waker" */ = {
			isa = XCConfigurationList;
			buildConfigurations = (
				A309993519F74D650081E01D /* Debug */,
				A309993619F74D650081E01D /* Release */,
			);
			defaultConfigurationIsVisible = 0;
			defaultConfigurationName = Release;
		};
		A309993719F74D650081E01D /* Build configuration list for PBXNativeTarget "Waker" */ = {
			isa = XCConfigurationList;
			buildConfigurations = (
				A309993819F74D650081E01D /* Debug */,
				A309993919F74D650081E01D /* Release */,
			);
			defaultConfigurationIsVisible = 0;
			defaultConfigurationName = Release;
		};
		A309993A19F74D650081E01D /* Build configuration list for PBXNativeTarget "WakerTests" */ = {
			isa = XCConfigurationList;
			buildConfigurations = (
				A309993B19F74D650081E01D /* Debug */,
				A309993C19F74D650081E01D /* Release */,
			);
			defaultConfigurationIsVisible = 0;
			defaultConfigurationName = Release;
		};
/* End XCConfigurationList section */
	};
	rootObject = A309990C19F74D650081E01D /* Project object */;
}
